
Microsoft Visual Studio Solution File, Format Version 12.00
# Visual Studio Version 16
VisualStudioVersion = 16.0.29306.81
MinimumVisualStudioVersion = 10.0.40219.1
Project("{FAE04EC0-301F-11D3-BF4B-00C04F79EFBC}") = "CoinBaseRecorder", "CoinBaseRecorder\CoinBaseRecorder.csproj", "{B9BC5805-9C30-44C9-965D-9D64F94D0EDF}"
EndProject
Project("{FAE04EC0-301F-11D3-BF4B-00C04F79EFBC}") = "CoinBaseRecorder.DAL", "CoinBaseRecorder.DAL\CoinBaseRecorder.DAL.csproj", "{DBF34935-39BF-4E7B-92E7-B50747AA48A1}"
EndProject
Global
	GlobalSection(SolutionConfigurationPlatforms) = preSolution
		Debug|Any CPU = Debug|Any CPU
		Release|Any CPU = Release|Any CPU
	EndGlobalSection
	GlobalSection(ProjectConfigurationPlatforms) = postSolution
		{B9BC5805-9C30-44C9-965D-9D64F94D0EDF}.Debug|Any CPU.ActiveCfg = Debug|Any CPU
		{B9BC5805-9C30-44C9-965D-9D64F94D0EDF}.Debug|Any CPU.Build.0 = Debug|Any CPU
		{B9BC5805-9C30-44C9-965D-9D64F94D0EDF}.Release|Any CPU.ActiveCfg = Release|Any CPU
		{B9BC5805-9C30-44C9-965D-9D64F94D0EDF}.Release|Any CPU.Build.0 = Release|Any CPU
		{DBF34935-39BF-4E7B-92E7-B50747AA48A1}.Debug|Any CPU.ActiveCfg = Debug|Any CPU
		{DBF34935-39BF-4E7B-92E7-B50747AA48A1}.Debug|Any CPU.Build.0 = Debug|Any CPU
		{DBF34935-39BF-4E7B-92E7-B50747AA48A1}.Release|Any CPU.ActiveCfg = Release|Any CPU
		{DBF34935-39BF-4E7B-92E7-B50747AA48A1}.Release|Any CPU.Build.0 = Release|Any CPU
	EndGlobalSection
	GlobalSection(SolutionProperties) = preSolution
		HideSolutionNode = FALSE
	EndGlobalSection
	GlobalSection(ExtensibilityGlobals) = postSolution
		SolutionGuid = {D2FF0DB7-9B1F-4CC1-AE2F-9812ED5F1031}
	EndGlobalSection
EndGlobal
